PODS:
  - device_info_plus (0.0.1):
    - FlutterMacOS
  - flutter_image_compress_macos (1.0.0):
    - FlutterMacOS
  - flutter_secure_storage_macos (6.1.1):
    - FlutterMacOS
  - FlutterMacOS (1.0.0)
  - FMDB (2.7.5):
    - FMDB/standard (= 2.7.5)
  - FMDB/standard (2.7.5)
  - image_editor_common (1.0.0):
    - Flutter
    - FlutterMacOS
  - package_info_plus (0.0.1):
    - FlutterMacOS
  - path_provider_foundation (0.0.1):
    - Flutter
    - FlutterMacOS
  - share_plus (0.0.1):
    - FlutterMacOS
  - shared_preferences_foundation (0.0.1):
    - Flutter
    - FlutterMacOS
  - sqflite (0.0.2):
    - FlutterMacOS
    - FMDB (>= 2.7.5)
  - url_launcher_macos (0.0.1):
    - FlutterMacOS

DEPENDENCIES:
  - device_info_plus (from `Flutter/ephemeral/.symlinks/plugins/device_info_plus/macos`)
  - flutter_image_compress_macos (from `Flutter/ephemeral/.symlinks/plugins/flutter_image_compress_macos/macos`)
  - flutter_secure_storage_macos (from `Flutter/ephemeral/.symlinks/plugins/flutter_secure_storage_macos/macos`)
  - FlutterMacOS (from `Flutter/ephemeral`)
  - image_editor_common (from `Flutter/ephemeral/.symlinks/plugins/image_editor_common/macos`)
  - package_info_plus (from `Flutter/ephemeral/.symlinks/plugins/package_info_plus/macos`)
  - path_provider_foundation (from `Flutter/ephemeral/.symlinks/plugins/path_provider_foundation/darwin`)
  - share_plus (from `Flutter/ephemeral/.symlinks/plugins/share_plus/macos`)
  - shared_preferences_foundation (from `Flutter/ephemeral/.symlinks/plugins/shared_preferences_foundation/darwin`)
  - sqflite (from `Flutter/ephemeral/.symlinks/plugins/sqflite/macos`)
  - url_launcher_macos (from `Flutter/ephemeral/.symlinks/plugins/url_launcher_macos/macos`)

SPEC REPOS:
  trunk:
    - FMDB

EXTERNAL SOURCES:
  device_info_plus:
    :path: Flutter/ephemeral/.symlinks/plugins/device_info_plus/macos
  flutter_image_compress_macos:
    :path: Flutter/ephemeral/.symlinks/plugins/flutter_image_compress_macos/macos
  flutter_secure_storage_macos:
    :path: Flutter/ephemeral/.symlinks/plugins/flutter_secure_storage_macos/macos
  FlutterMacOS:
    :path: Flutter/ephemeral
  image_editor_common:
    :path: Flutter/ephemeral/.symlinks/plugins/image_editor_common/macos
  package_info_plus:
    :path: Flutter/ephemeral/.symlinks/plugins/package_info_plus/macos
  path_provider_foundation:
    :path: Flutter/ephemeral/.symlinks/plugins/path_provider_foundation/darwin
  share_plus:
    :path: Flutter/ephemeral/.symlinks/plugins/share_plus/macos
  shared_preferences_foundation:
    :path: Flutter/ephemeral/.symlinks/plugins/shared_preferences_foundation/darwin
  sqflite:
    :path: Flutter/ephemeral/.symlinks/plugins/sqflite/macos
  url_launcher_macos:
    :path: Flutter/ephemeral/.symlinks/plugins/url_launcher_macos/macos

SPEC CHECKSUMS:
  device_info_plus: 5401765fde0b8d062a2f8eb65510fb17e77cf07f
  flutter_image_compress_macos: c26c3c13ea0f28ae6dea4e139b3292e7729f99f1
  flutter_secure_storage_macos: d56e2d218c1130b262bef8b4a7d64f88d7f9c9ea
  FlutterMacOS: 8f6f14fa908a6fb3fba0cd85dbd81ec4b251fb24
  FMDB: 2ce00b547f966261cd18927a3ddb07cb6f3db82a
  image_editor_common: 1b11f59fad8909bafcdaa0f31cc9373425b58600
  package_info_plus: 02d7a575e80f194102bef286361c6c326e4c29ce
  path_provider_foundation: 29f094ae23ebbca9d3d0cec13889cd9060c0e943
  share_plus: 76dd39142738f7a68dd57b05093b5e8193f220f7
  shared_preferences_foundation: 5b919d13b803cadd15ed2dc053125c68730e5126
  sqflite: a5789cceda41d54d23f31d6de539d65bb14100ea
  url_launcher_macos: d2691c7dd33ed713bf3544850a623080ec693d95

PODFILE CHECKSUM: 0d3963a09fc94f580682bd88480486da345dc3f0

COCOAPODS: 1.12.1
