PODS:
  - device_info_plus (0.0.1):
    - Flutter
  - file_picker (0.0.1):
    - Flutter
    - FlutterMacOS
  - Flutter (1.0.0)
  - flutter_image_compress_common (1.0.0):
    - Flutter
    - SDWebImage
    - SDWebImageWebPCoder
  - flutter_image_gallery_saver (2.0.0):
    - Flutter
  - flutter_secure_storage_darwin (10.0.0):
    - Flutter
    - FlutterMacOS
  - fvp (0.38.0):
    - Flutter
    - FlutterMacOS
    - mdk (~> 0.38.0)
  - image_editor_common (1.0.0):
    - Flutter
  - libwebp (1.5.0):
    - libwebp/demux (= 1.5.0)
    - libwebp/mux (= 1.5.0)
    - libwebp/sharpyuv (= 1.5.0)
    - libwebp/webp (= 1.5.0)
  - libwebp/demux (1.5.0):
    - libwebp/webp
  - libwebp/mux (1.5.0):
    - libwebp/demux
  - libwebp/sharpyuv (1.5.0)
  - libwebp/webp (1.5.0):
    - libwebp/sharpyuv
  - mdk (0.38.0)
  - package_info_plus (0.4.5):
    - Flutter
  - permission_handler_apple (9.4.8):
    - Flutter
  - receive_sharing_intent (1.8.1):
    - Flutter
  - SDWebImage (5.21.1):
    - SDWebImage/Core (= 5.21.1)
  - SDWebImage/Core (5.21.1)
  - SDWebImageWebPCoder (0.14.6):
    - libwebp (~> 1.0)
    - SDWebImage/Core (~> 5.17)
  - share_plus (0.0.1):
    - Flutter
  - shared_preference_app_group (2.1.0):
    - Flutter
    - FlutterMacOS
  - shared_preferences_foundation (0.0.1):
    - Flutter
    - FlutterMacOS
  - sqflite_darwin (0.0.4):
    - Flutter
    - FlutterMacOS
  - url_launcher_ios (0.0.1):
    - Flutter
  - video_player_avfoundation (0.0.1):
    - Flutter
    - FlutterMacOS
  - webview_flutter_wkwebview (0.0.1):
    - Flutter
    - FlutterMacOS

DEPENDENCIES:
  - device_info_plus (from `.symlinks/plugins/device_info_plus/ios`)
  - file_picker (from `.symlinks/plugins/file_picker/darwin`)
  - Flutter (from `Flutter`)
  - flutter_image_compress_common (from `.symlinks/plugins/flutter_image_compress_common/ios`)
  - flutter_image_gallery_saver (from `.symlinks/plugins/flutter_image_gallery_saver/ios`)
  - flutter_secure_storage_darwin (from `.symlinks/plugins/flutter_secure_storage_darwin/darwin`)
  - fvp (from `.symlinks/plugins/fvp/darwin`)
  - image_editor_common (from `.symlinks/plugins/image_editor_common/ios`)
  - package_info_plus (from `.symlinks/plugins/package_info_plus/ios`)
  - permission_handler_apple (from `.symlinks/plugins/permission_handler_apple/ios`)
  - receive_sharing_intent (from `.symlinks/plugins/receive_sharing_intent/ios`)
  - share_plus (from `.symlinks/plugins/share_plus/ios`)
  - shared_preference_app_group (from `.symlinks/plugins/shared_preference_app_group/darwin`)
  - shared_preferences_foundation (from `.symlinks/plugins/shared_preferences_foundation/darwin`)
  - sqflite_darwin (from `.symlinks/plugins/sqflite_darwin/darwin`)
  - url_launcher_ios (from `.symlinks/plugins/url_launcher_ios/ios`)
  - video_player_avfoundation (from `.symlinks/plugins/video_player_avfoundation/darwin`)
  - webview_flutter_wkwebview (from `.symlinks/plugins/webview_flutter_wkwebview/darwin`)

SPEC REPOS:
  trunk:
    - libwebp
    - mdk
    - SDWebImage
    - SDWebImageWebPCoder

EXTERNAL SOURCES:
  device_info_plus:
    :path: ".symlinks/plugins/device_info_plus/ios"
  file_picker:
    :path: ".symlinks/plugins/file_picker/darwin"
  Flutter:
    :path: Flutter
  flutter_image_compress_common:
    :path: ".symlinks/plugins/flutter_image_compress_common/ios"
  flutter_image_gallery_saver:
    :path: ".symlinks/plugins/flutter_image_gallery_saver/ios"
  flutter_secure_storage_darwin:
    :path: ".symlinks/plugins/flutter_secure_storage_darwin/darwin"
  fvp:
    :path: ".symlinks/plugins/fvp/darwin"
  image_editor_common:
    :path: ".symlinks/plugins/image_editor_common/ios"
  package_info_plus:
    :path: ".symlinks/plugins/package_info_plus/ios"
  permission_handler_apple:
    :path: ".symlinks/plugins/permission_handler_apple/ios"
  receive_sharing_intent:
    :path: ".symlinks/plugins/receive_sharing_intent/ios"
  share_plus:
    :path: ".symlinks/plugins/share_plus/ios"
  shared_preference_app_group:
    :path: ".symlinks/plugins/shared_preference_app_group/darwin"
  shared_preferences_foundation:
    :path: ".symlinks/plugins/shared_preferences_foundation/darwin"
  sqflite_darwin:
    :path: ".symlinks/plugins/sqflite_darwin/darwin"
  url_launcher_ios:
    :path: ".symlinks/plugins/url_launcher_ios/ios"
  video_player_avfoundation:
    :path: ".symlinks/plugins/video_player_avfoundation/darwin"
  webview_flutter_wkwebview:
    :path: ".symlinks/plugins/webview_flutter_wkwebview/darwin"

SPEC CHECKSUMS:
  device_info_plus: 21fcca2080fbcd348be798aa36c3e5ed849eefbe
  file_picker: 70164d9778c42c47218d6cd79ce435de0856b11a
  Flutter: cabc95a1d2626b1b06e7179b784ebcf0c0cde467
  flutter_image_compress_common: 11d5dcfb36f4ded92320bfa896261813a073240e
  flutter_image_gallery_saver: c845c8feca7326a6b2ce38b8ae57548969f18418
  flutter_secure_storage_darwin: acdb3f316ed05a3e68f856e0353b133eec373a23
  fvp: b1d0d85fca1c3d625c51edb7a4371e2285290f16
  image_editor_common: 3de87e7c4804f4ae24c8f8a998362b98c105cac1
  libwebp: 02b23773aedb6ff1fd38cec7a77b81414c6842a8
  mdk: d04505395fc419371541c5092b15b0e9c555b8a4
  package_info_plus: af8e2ca6888548050f16fa2f1938db7b5a5df499
  permission_handler_apple: 92d754bbaa7361d436db2d6c3c1c2a0fdcec462e
  receive_sharing_intent: 222384f00ffe7e952bbfabaa9e3967cb87e5fe00
  SDWebImage: f29024626962457f3470184232766516dee8dfea
  SDWebImageWebPCoder: e38c0a70396191361d60c092933e22c20d5b1380
  share_plus: 50da8cb520a8f0f65671c6c6a99b3617ed10a58a
  shared_preference_app_group: 761ef961f5757280c4287c94483dc740235137cd
  shared_preferences_foundation: 7036424c3d8ec98dfe75ff1667cb0cd531ec82bb
  sqflite_darwin: 20b2a3a3b70e43edae938624ce550a3cbf66a3d0
  url_launcher_ios: 7a95fa5b60cc718a708b8f2966718e93db0cef1b
  video_player_avfoundation: 3453f792138786248960ca029747fcd9f318ef52
  webview_flutter_wkwebview: 8ebf4fded22593026f7dbff1fbff31ea98573c8d

PODFILE CHECKSUM: dd8215654f5b43f72a0a3cdc34d0e4371a090533

COCOAPODS: 1.17.0
