{
  "name": "emoji_list",
  "lockfileVersion": 3,
  "requires": true,
  "packages": {
    "": {
      "dependencies": {
        "@misskey-dev/emoji-data": "17.0.3"
      }
    },
    "node_modules/@misskey-dev/emoji-data": {
      "version": "17.0.3",
      "resolved": "https://registry.npmjs.org/@misskey-dev/emoji-data/-/emoji-data-17.0.3.tgz",
      "integrity": "sha512-RmW0C2A1Zxn7DTYVCOhMDyCyyXYJLBc5GIEuhcufaqF0Gxw9+gIwaitCI3OUWnR928XnDwvvaizhJSjvIEF+2Q==",
      "license": "MIT AND CC-BY-4.0 AND Unicode-3.0"
    }
  }
}
